{
  "name": "teapot2.1.0",
  "version": "1.0.0",
  "lockfileVersion": 3,
  "requires": true,
  "packages": {
    "": {
      "name": "teapot2.1.0",
      "version": "1.0.0",
      "license": "MIT",
      "dependencies": {
        "teapot2.1.0": "^1.0.0"
      }
    },
    "node_modules/teapot2.1.0": {
      "version": "1.0.0",
      "resolved": "https://registry.npmjs.org/teapot2.1.0/-/teapot2.1.0-1.0.0.tgz",
      "integrity": "sha512-PI8bOBKXq9eylqDeps+WsQptlVSAsV95kjjdYoL0NsnLefbBe9qIVz8COqZ6SmvLd34WBvnxdvvewXVb8q+eHw=="
    }
  }
}
